
Microsoft Visual Studio Solution File, Format Version 12.00
# Visual Studio Version 17
VisualStudioVersion = 17.7.34009.444
MinimumVisualStudioVersion = 10.0.40219.1
Project("{FAE04EC0-301F-11D3-BF4B-00C04F79EFBC}") = "S14TP2", "S14TP2.csproj", "{160A07C7-0421-4972-8433-1B4CBA5ADBE2}"
EndProject
Global
	GlobalSection(SolutionConfigurationPlatforms) = preSolution
		Debug|Any CPU = Debug|Any CPU
		Release|Any CPU = Release|Any CPU
	EndGlobalSection
	GlobalSection(ProjectConfigurationPlatforms) = postSolution
		{160A07C7-0421-4972-8433-1B4CBA5ADBE2}.Debug|Any CPU.ActiveCfg = Debug|Any CPU
		{160A07C7-0421-4972-8433-1B4CBA5ADBE2}.Debug|Any CPU.Build.0 = Debug|Any CPU
		{160A07C7-0421-4972-8433-1B4CBA5ADBE2}.Release|Any CPU.ActiveCfg = Release|Any CPU
		{160A07C7-0421-4972-8433-1B4CBA5ADBE2}.Release|Any CPU.Build.0 = Release|Any CPU
	EndGlobalSection
	GlobalSection(SolutionProperties) = preSolution
		HideSolutionNode = FALSE
	EndGlobalSection
	GlobalSection(ExtensibilityGlobals) = postSolution
		SolutionGuid = {3A943AB0-8A57-421F-AA25-25797625E730}
	EndGlobalSection
EndGlobal
